// !$*UTF8*$!
{
	archiveVersion = 1;
	classes = {
	};
	objectVersion = 56;
	objects = {

/* Begin PBXBuildFile section */
		F1BD09612BA056D7002DD78E /* AppDelegate.swift in Sources */ = {isa = PBXBuildFile; fileRef = F1BD09602BA056D7002DD78E /* AppDelegate.swift */; };
		F1BD09632BA056D7002DD78E /* SceneDelegate.swift in Sources */ = {isa = PBXBuildFile; fileRef = F1BD09622BA056D7002DD78E /* SceneDelegate.swift */; };
		F1BD09652BA056D7002DD78E /* AnimationViewController.swift in Sources */ = {isa = PBXBuildFile; fileRef = F1BD09642BA056D7002DD78E /* AnimationViewController.swift */; };
		F1BD09682BA056D7002DD78E /* Main.storyboard in Resources */ = {isa = PBXBuildFile; fileRef = F1BD09662BA056D7002DD78E /* Main.storyboard */; };
		F1BD096A2BA056D8002DD78E /* Assets.xcassets in Resources */ = {isa = PBXBuildFile; fileRef = F1BD09692BA056D8002DD78E /* Assets.xcassets */; };
		F1BD096D2BA056D8002DD78E /* LaunchScreen.storyboard in Resources */ = {isa = PBXBuildFile; fileRef = F1BD096B2BA056D8002DD78E /* LaunchScreen.storyboard */; };
		F1BD09792BA06909002DD78E /* SpringAnimation in Frameworks */ = {isa = PBXBuildFile; productRef = F1BD09782BA06909002DD78E /* SpringAnimation */; };
		F1BD09812BA0709B002DD78E /* AnimationInfo.swift in Sources */ = {isa = PBXBuildFile; fileRef = F1BD09802BA0709B002DD78E /* AnimationInfo.swift */; };
		F1BD09852BA0CC0B002DD78E /* AnimationStore.swift in Sources */ = {isa = PBXBuildFile; fileRef = F1BD09842BA0CC0B002DD78E /* AnimationStore.swift */; };
/* End PBXBuildFile section */

/* Begin PBXFileReference section */
		F1BD095D2BA056D7002DD78E /* ViewAnimation.app */ = {isa = PBXFileReference; explicitFileType = wrapper.application; includeInIndex = 0; path = ViewAnimation.app; sourceTree = BUILT_PRODUCTS_DIR; };
		F1BD09602BA056D7002DD78E /* AppDelegate.swift */ = {isa = PBXFileReference; lastKnownFileType = sourcecode.swift; path = AppDelegate.swift; sourceTree = "<group>"; };
		F1BD09622BA056D7002DD78E /* SceneDelegate.swift */ = {isa = PBXFileReference; lastKnownFileType = sourcecode.swift; path = SceneDelegate.swift; sourceTree = "<group>"; };
		F1BD09642BA056D7002DD78E /* AnimationViewController.swift */ = {isa = PBXFileReference; lastKnownFileType = sourcecode.swift; path = AnimationViewController.swift; sourceTree = "<group>"; };
		F1BD09672BA056D7002DD78E /* Base */ = {isa = PBXFileReference; lastKnownFileType = file.storyboard; name = Base; path = Base.lproj/Main.storyboard; sourceTree = "<group>"; };
		F1BD09692BA056D8002DD78E /* Assets.xcassets */ = {isa = PBXFileReference; lastKnownFileType = folder.assetcatalog; path = Assets.xcassets; sourceTree = "<group>"; };
		F1BD096C2BA056D8002DD78E /* Base */ = {isa = PBXFileReference; lastKnownFileType = file.storyboard; name = Base; path = Base.lproj/LaunchScreen.storyboard; sourceTree = "<group>"; };
		F1BD096E2BA056D8002DD78E /* Info.plist */ = {isa = PBXFileReference; lastKnownFileType = text.plist.xml; path = Info.plist; sourceTree = "<group>"; };
		F1BD09802BA0709B002DD78E /* AnimationInfo.swift */ = {isa = PBXFileReference; lastKnownFileType = sourcecode.swift; path = AnimationInfo.swift; sourceTree = "<group>"; };
		F1BD09842BA0CC0B002DD78E /* AnimationStore.swift */ = {isa = PBXFileReference; lastKnownFileType = sourcecode.swift; path = AnimationStore.swift; sourceTree = "<group>"; };
/* End PBXFileReference section */

/* Begin PBXFrameworksBuildPhase section */
		F1BD095A2BA056D7002DD78E /* Frameworks */ = {
			isa = PBXFrameworksBuildPhase;
			buildActionMask = 2147483647;
			files = (
				F1BD09792BA06909002DD78E /* SpringAnimation in Frameworks */,
			);
			runOnlyForDeploymentPostprocessing = 0;
		};
/* End PBXFrameworksBuildPhase section */

/* Begin PBXGroup section */
		F1BD09542BA056D7002DD78E = {
			isa = PBXGroup;
			children = (
				F1BD095F2BA056D7002DD78E /* ViewAnimation */,
				F1BD095E2BA056D7002DD78E /* Products */,
			);
			sourceTree = "<group>";
		};
		F1BD095E2BA056D7002DD78E /* Products */ = {
			isa = PBXGroup;
			children = (
				F1BD095D2BA056D7002DD78E /* ViewAnimation.app */,
			);
			name = Products;
			sourceTree = "<group>";
		};
		F1BD095F2BA056D7002DD78E /* ViewAnimation */ = {
			isa = PBXGroup;
			children = (
				F1BD097A2BA06F24002DD78E /* Models */,
				F1BD097D2BA07019002DD78E /* Services */,
				F1BD09762BA05741002DD78E /* ViewControllers */,
				F1BD09752BA05726002DD78E /* StoryBoards */,
				F1BD09742BA05707002DD78E /* App */,
				F1BD09692BA056D8002DD78E /* Assets.xcassets */,
				F1BD096E2BA056D8002DD78E /* Info.plist */,
			);
			path = ViewAnimation;
			sourceTree = "<group>";
		};
		F1BD09742BA05707002DD78E /* App */ = {
			isa = PBXGroup;
			children = (
				F1BD09602BA056D7002DD78E /* AppDelegate.swift */,
				F1BD09622BA056D7002DD78E /* SceneDelegate.swift */,
			);
			path = App;
			sourceTree = "<group>";
		};
		F1BD09752BA05726002DD78E /* StoryBoards */ = {
			isa = PBXGroup;
			children = (
				F1BD09662BA056D7002DD78E /* Main.storyboard */,
				F1BD096B2BA056D8002DD78E /* LaunchScreen.storyboard */,
			);
			path = StoryBoards;
			sourceTree = "<group>";
		};
		F1BD09762BA05741002DD78E /* ViewControllers */ = {
			isa = PBXGroup;
			children = (
				F1BD09642BA056D7002DD78E /* AnimationViewController.swift */,
			);
			path = ViewControllers;
			sourceTree = "<group>";
		};
		F1BD097A2BA06F24002DD78E /* Models */ = {
			isa = PBXGroup;
			children = (
				F1BD09802BA0709B002DD78E /* AnimationInfo.swift */,
			);
			path = Models;
			sourceTree = "<group>";
		};
		F1BD097D2BA07019002DD78E /* Services */ = {
			isa = PBXGroup;
			children = (
				F1BD09842BA0CC0B002DD78E /* AnimationStore.swift */,
			);
			path = Services;
			sourceTree = "<group>";
		};
/* End PBXGroup section */

/* Begin PBXNativeTarget section */
		F1BD095C2BA056D7002DD78E /* ViewAnimation */ = {
			isa = PBXNativeTarget;
			buildConfigurationList = F1BD09712BA056D8002DD78E /* Build configuration list for PBXNativeTarget "ViewAnimation" */;
			buildPhases = (
				F1BD09592BA056D7002DD78E /* Sources */,
				F1BD095A2BA056D7002DD78E /* Frameworks */,
				F1BD095B2BA056D7002DD78E /* Resources */,
			);
			buildRules = (
			);
			dependencies = (
			);
			name = ViewAnimation;
			packageProductDependencies = (
				F1BD09782BA06909002DD78E /* SpringAnimation */,
			);
			productName = ViewAnimation;
			productReference = F1BD095D2BA056D7002DD78E /* ViewAnimation.app */;
			productType = "com.apple.product-type.application";
		};
/* End PBXNativeTarget section */

/* Begin PBXProject section */
		F1BD09552BA056D7002DD78E /* Project object */ = {
			isa = PBXProject;
			attributes = {
				BuildIndependentTargetsInParallel = 1;
				LastSwiftUpdateCheck = 1520;
				LastUpgradeCheck = 1520;
				TargetAttributes = {
					F1BD095C2BA056D7002DD78E = {
						CreatedOnToolsVersion = 15.2;
					};
				};
			};
			buildConfigurationList = F1BD09582BA056D7002DD78E /* Build configuration list for PBXProject "ViewAnimation" */;
			compatibilityVersion = "Xcode 14.0";
			developmentRegion = en;
			hasScannedForEncodings = 0;
			knownRegions = (
				en,
				Base,
			);
			mainGroup = F1BD09542BA056D7002DD78E;
			packageReferences = (
				F1BD09772BA06909002DD78E /* XCRemoteSwiftPackageReference "SpringAnimation" */,
			);
			productRefGroup = F1BD095E2BA056D7002DD78E /* Products */;
			projectDirPath = "";
			projectRoot = "";
			targets = (
				F1BD095C2BA056D7002DD78E /* ViewAnimation */,
			);
		};
/* End PBXProject section */

/* Begin PBXResourcesBuildPhase section */
		F1BD095B2BA056D7002DD78E /* Resources */ = {
			isa = PBXResourcesBuildPhase;
			buildActionMask = 2147483647;
			files = (
				F1BD096D2BA056D8002DD78E /* LaunchScreen.storyboard in Resources */,
				F1BD096A2BA056D8002DD78E /* Assets.xcassets in Resources */,
				F1BD09682BA056D7002DD78E /* Main.storyboard in Resources */,
			);
			runOnlyForDeploymentPostprocessing = 0;
		};
/* End PBXResourcesBuildPhase section */

/* Begin PBXSourcesBuildPhase section */
		F1BD09592BA056D7002DD78E /* Sources */ = {
			isa = PBXSourcesBuildPhase;
			buildActionMask = 2147483647;
			files = (
				F1BD09652BA056D7002DD78E /* AnimationViewController.swift in Sources */,
				F1BD09812BA0709B002DD78E /* AnimationInfo.swift in Sources */,
				F1BD09852BA0CC0B002DD78E /* AnimationStore.swift in Sources */,
				F1BD09612BA056D7002DD78E /* AppDelegate.swift in Sources */,
				F1BD09632BA056D7002DD78E /* SceneDelegate.swift in Sources */,
			);
			runOnlyForDeploymentPostprocessing = 0;
		};
/* End PBXSourcesBuildPhase section */

/* Begin PBXVariantGroup section */
		F1BD09662BA056D7002DD78E /* Main.storyboard */ = {
			isa = PBXVariantGroup;
			children = (
				F1BD09672BA056D7002DD78E /* Base */,
			);
			name = Main.storyboard;
			sourceTree = "<group>";
		};
		F1BD096B2BA056D8002DD78E /* LaunchScreen.storyboard */ = {
			isa = PBXVariantGroup;
			children = (
				F1BD096C2BA056D8002DD78E /* Base */,
			);
			name = LaunchScreen.storyboard;
			sourceTree = "<group>";
		};
/* End PBXVariantGroup section */

/* Begin XCBuildConfiguration section */
		F1BD096F2BA056D8002DD78E /* Debug */ = {
			isa = XCBuildConfiguration;
			buildSettings = {
				ALWAYS_SEARCH_USER_PATHS = NO;
				ASSETCATALOG_COMPILER_GENERATE_SWIFT_ASSET_SYMBOL_EXTENSIONS = YES;
				CLANG_ANALYZER_NONNULL = YES;
				CLANG_ANALYZER_NUMBER_OBJECT_CONVERSION = YES_AGGRESSIVE;
				CLANG_CXX_LANGUAGE_STANDARD = "gnu++20";
				CLANG_ENABLE_MODULES = YES;
				CLANG_ENABLE_OBJC_ARC = YES;
				CLANG_ENABLE_OBJC_WEAK = YES;
				CLANG_WARN_BLOCK_CAPTURE_AUTORELEASING = YES;
				CLANG_WARN_BOOL_CONVERSION = YES;
				CLANG_WARN_COMMA = YES;
				CLANG_WARN_CONSTANT_CONVERSION = YES;
				CLANG_WARN_DEPRECATED_OBJC_IMPLEMENTATIONS = YES;
				CLANG_WARN_DIRECT_OBJC_ISA_USAGE = YES_ERROR;
				CLANG_WARN_DOCUMENTATION_COMMENTS = YES;
				CLANG_WARN_EMPTY_BODY = YES;
				CLANG_WARN_ENUM_CONVERSION = YES;
				CLANG_WARN_INFINITE_RECURSION = YES;
				CLANG_WARN_INT_CONVERSION = YES;
				CLANG_WARN_NON_LITERAL_NULL_CONVERSION = YES;
				CLANG_WARN_OBJC_IMPLICIT_RETAIN_SELF = YES;
				CLANG_WARN_OBJC_LITERAL_CONVERSION = YES;
				CLANG_WARN_OBJC_ROOT_CLASS = YES_ERROR;
				CLANG_WARN_QUOTED_INCLUDE_IN_FRAMEWORK_HEADER = YES;
				CLANG_WARN_RANGE_LOOP_ANALYSIS = YES;
				CLANG_WARN_STRICT_PROTOTYPES = YES;
				CLANG_WARN_SUSPICIOUS_MOVE = YES;
				CLANG_WARN_UNGUARDED_AVAILABILITY = YES_AGGRESSIVE;
				CLANG_WARN_UNREACHABLE_CODE = YES;
				CLANG_WARN__DUPLICATE_METHOD_MATCH = YES;
				COPY_PHASE_STRIP = NO;
				DEBUG_INFORMATION_FORMAT = dwarf;
				ENABLE_STRICT_OBJC_MSGSEND = YES;
				ENABLE_TESTABILITY = YES;
				ENABLE_USER_SCRIPT_SANDBOXING = YES;
				GCC_C_LANGUAGE_STANDARD = gnu17;
				GCC_DYNAMIC_NO_PIC = NO;
				GCC_NO_COMMON_BLOCKS = YES;
				GCC_OPTIMIZATION_LEVEL = 0;
				GCC_PREPROCESSOR_DEFINITIONS = (
					"DEBUG=1",
					"$(inherited)",
				);
				GCC_WARN_64_TO_32_BIT_CONVERSION = YES;
				GCC_WARN_ABOUT_RETURN_TYPE = YES_ERROR;
				GCC_WARN_UNDECLARED_SELECTOR = YES;
				GCC_WARN_UNINITIALIZED_AUTOS = YES_AGGRESSIVE;
				GCC_WARN_UNUSED_FUNCTION = YES;
				GCC_WARN_UNUSED_VARIABLE = YES;
				IPHONEOS_DEPLOYMENT_TARGET = 17.2;
				LOCALIZATION_PREFERS_STRING_CATALOGS = YES;
				MTL_ENABLE_DEBUG_INFO = INCLUDE_SOURCE;
				MTL_FAST_MATH = YES;
				ONLY_ACTIVE_ARCH = YES;
				SDKROOT = iphoneos;
				SWIFT_ACTIVE_COMPILATION_CONDITIONS = "DEBUG $(inherited)";
				SWIFT_OPTIMIZATION_LEVEL = "-Onone";
			};
			name = Debug;
		};
		F1BD09702BA056D8002DD78E /* Release */ = {
			isa = XCBuildConfiguration;
			buildSettings = {
				ALWAYS_SEARCH_USER_PATHS = NO;
				ASSETCATALOG_COMPILER_GENERATE_SWIFT_ASSET_SYMBOL_EXTENSIONS = YES;
				CLANG_ANALYZER_NONNULL = YES;
				CLANG_ANALYZER_NUMBER_OBJECT_CONVERSION = YES_AGGRESSIVE;
				CLANG_CXX_LANGUAGE_STANDARD = "gnu++20";
				CLANG_ENABLE_MODULES = YES;
				CLANG_ENABLE_OBJC_ARC = YES;
				CLANG_ENABLE_OBJC_WEAK = YES;
				CLANG_WARN_BLOCK_CAPTURE_AUTORELEASING = YES;
				CLANG_WARN_BOOL_CONVERSION = YES;
				CLANG_WARN_COMMA = YES;
				CLANG_WARN_CONSTANT_CONVERSION = YES;
				CLANG_WARN_DEPRECATED_OBJC_IMPLEMENTATIONS = YES;
				CLANG_WARN_DIRECT_OBJC_ISA_USAGE = YES_ERROR;
				CLANG_WARN_DOCUMENTATION_COMMENTS = YES;
				CLANG_WARN_EMPTY_BODY = YES;
				CLANG_WARN_ENUM_CONVERSION = YES;
				CLANG_WARN_INFINITE_RECURSION = YES;
				CLANG_WARN_INT_CONVERSION = YES;
				CLANG_WARN_NON_LITERAL_NULL_CONVERSION = YES;
				CLANG_WARN_OBJC_IMPLICIT_RETAIN_SELF = YES;
				CLANG_WARN_OBJC_LITERAL_CONVERSION = YES;
				CLANG_WARN_OBJC_ROOT_CLASS = YES_ERROR;
				CLANG_WARN_QUOTED_INCLUDE_IN_FRAMEWORK_HEADER = YES;
				CLANG_WARN_RANGE_LOOP_ANALYSIS = YES;
				CLANG_WARN_STRICT_PROTOTYPES = YES;
				CLANG_WARN_SUSPICIOUS_MOVE = YES;
				CLANG_WARN_UNGUARDED_AVAILABILITY = YES_AGGRESSIVE;
				CLANG_WARN_UNREACHABLE_CODE = YES;
				CLANG_WARN__DUPLICATE_METHOD_MATCH = YES;
				COPY_PHASE_STRIP = NO;
				DEBUG_INFORMATION_FORMAT = "dwarf-with-dsym";
				ENABLE_NS_ASSERTIONS = NO;
				ENABLE_STRICT_OBJC_MSGSEND = YES;
				ENABLE_USER_SCRIPT_SANDBOXING = YES;
				GCC_C_LANGUAGE_STANDARD = gnu17;
				GCC_NO_COMMON_BLOCKS = YES;
				GCC_WARN_64_TO_32_BIT_CONVERSION = YES;
				GCC_WARN_ABOUT_RETURN_TYPE = YES_ERROR;
				GCC_WARN_UNDECLARED_SELECTOR = YES;
				GCC_WARN_UNINITIALIZED_AUTOS = YES_AGGRESSIVE;
				GCC_WARN_UNUSED_FUNCTION = YES;
				GCC_WARN_UNUSED_VARIABLE = YES;
				IPHONEOS_DEPLOYMENT_TARGET = 17.2;
				LOCALIZATION_PREFERS_STRING_CATALOGS = YES;
				MTL_ENABLE_DEBUG_INFO = NO;
				MTL_FAST_MATH = YES;
				SDKROOT = iphoneos;
				SWIFT_COMPILATION_MODE = wholemodule;
				VALIDATE_PRODUCT = YES;
			};
			name = Release;
		};
		F1BD09722BA056D8002DD78E /* Debug */ = {
			isa = XCBuildConfiguration;
			buildSettings = {
				ASSETCATALOG_COMPILER_APPICON_NAME = AppIcon;
				ASSETCATALOG_COMPILER_GLOBAL_ACCENT_COLOR_NAME = AccentColor;
				CODE_SIGN_STYLE = Automatic;
				CURRENT_PROJECT_VERSION = 1;
				GENERATE_INFOPLIST_FILE = YES;
				INFOPLIST_FILE = ViewAnimation/Info.plist;
				INFOPLIST_KEY_UIApplicationSupportsIndirectInputEvents = YES;
				INFOPLIST_KEY_UILaunchStoryboardName = LaunchScreen;
				INFOPLIST_KEY_UIMainStoryboardFile = Main;
				INFOPLIST_KEY_UISupportedInterfaceOrientations = UIInterfaceOrientationPortrait;
				INFOPLIST_KEY_UISupportedInterfaceOrientations_iPad = "UIInterfaceOrientationLandscapeLeft UIInterfaceOrientationLandscapeRight UIInterfaceOrientationPortrait UIInterfaceOrientationPortraitUpsideDown";
				LD_RUNPATH_SEARCH_PATHS = (
					"$(inherited)",
					"@executable_path/Frameworks",
				);
				MARKETING_VERSION = 1.0;
				PRODUCT_BUNDLE_IDENTIFIER = artur.ViewAnimation;
				PRODUCT_NAME = "$(TARGET_NAME)";
				SUPPORTED_PLATFORMS = "iphoneos iphonesimulator";
				SUPPORTS_MACCATALYST = NO;
				SUPPORTS_MAC_DESIGNED_FOR_IPHONE_IPAD = NO;
				SUPPORTS_XR_DESIGNED_FOR_IPHONE_IPAD = NO;
				SWIFT_EMIT_LOC_STRINGS = YES;
				SWIFT_VERSION = 5.0;
				TARGETED_DEVICE_FAMILY = 1;
			};
			name = Debug;
		};
		F1BD09732BA056D8002DD78E /* Release */ = {
			isa = XCBuildConfiguration;
			buildSettings = {
				ASSETCATALOG_COMPILER_APPICON_NAME = AppIcon;
				ASSETCATALOG_COMPILER_GLOBAL_ACCENT_COLOR_NAME = AccentColor;
				CODE_SIGN_STYLE = Automatic;
				CURRENT_PROJECT_VERSION = 1;
				GENERATE_INFOPLIST_FILE = YES;
				INFOPLIST_FILE = ViewAnimation/Info.plist;
				INFOPLIST_KEY_UIApplicationSupportsIndirectInputEvents = YES;
				INFOPLIST_KEY_UILaunchStoryboardName = LaunchScreen;
				INFOPLIST_KEY_UIMainStoryboardFile = Main;
				INFOPLIST_KEY_UISupportedInterfaceOrientations = UIInterfaceOrientationPortrait;
				INFOPLIST_KEY_UISupportedInterfaceOrientations_iPad = "UIInterfaceOrientationLandscapeLeft UIInterfaceOrientationLandscapeRight UIInterfaceOrientationPortrait UIInterfaceOrientationPortraitUpsideDown";
				LD_RUNPATH_SEARCH_PATHS = (
					"$(inherited)",
					"@executable_path/Frameworks",
				);
				MARKETING_VERSION = 1.0;
				PRODUCT_BUNDLE_IDENTIFIER = artur.ViewAnimation;
				PRODUCT_NAME = "$(TARGET_NAME)";
				SUPPORTED_PLATFORMS = "iphoneos iphonesimulator";
				SUPPORTS_MACCATALYST = NO;
				SUPPORTS_MAC_DESIGNED_FOR_IPHONE_IPAD = NO;
				SUPPORTS_XR_DESIGNED_FOR_IPHONE_IPAD = NO;
				SWIFT_EMIT_LOC_STRINGS = YES;
				SWIFT_VERSION = 5.0;
				TARGETED_DEVICE_FAMILY = 1;
			};
			name = Release;
		};
/* End XCBuildConfiguration section */

/* Begin XCConfigurationList section */
		F1BD09582BA056D7002DD78E /* Build configuration list for PBXProject "ViewAnimation" */ = {
			isa = XCConfigurationList;
			buildConfigurations = (
				F1BD096F2BA056D8002DD78E /* Debug */,
				F1BD09702BA056D8002DD78E /* Release */,
			);
			defaultConfigurationIsVisible = 0;
			defaultConfigurationName = Release;
		};
		F1BD09712BA056D8002DD78E /* Build configuration list for PBXNativeTarget "ViewAnimation" */ = {
			isa = XCConfigurationList;
			buildConfigurations = (
				F1BD09722BA056D8002DD78E /* Debug */,
				F1BD09732BA056D8002DD78E /* Release */,
			);
			defaultConfigurationIsVisible = 0;
			defaultConfigurationName = Release;
		};
/* End XCConfigurationList section */

/* Begin XCRemoteSwiftPackageReference section */
		F1BD09772BA06909002DD78E /* XCRemoteSwiftPackageReference "SpringAnimation" */ = {
			isa = XCRemoteSwiftPackageReference;
			repositoryURL = "https://github.com/LexDeBash/SpringAnimation.git";
			requirement = {
				kind = upToNextMinorVersion;
				minimumVersion = 0.3.0;
			};
		};
/* End XCRemoteSwiftPackageReference section */

/* Begin XCSwiftPackageProductDependency section */
		F1BD09782BA06909002DD78E /* SpringAnimation */ = {
			isa = XCSwiftPackageProductDependency;
			package = F1BD09772BA06909002DD78E /* XCRemoteSwiftPackageReference "SpringAnimation" */;
			productName = SpringAnimation;
		};
/* End XCSwiftPackageProductDependency section */
	};
	rootObject = F1BD09552BA056D7002DD78E /* Project object */;
}
